
Microsoft Visual Studio Solution File, Format Version 12.00
# Visual Studio Version 16
VisualStudioVersion = 16.0.30204.135
MinimumVisualStudioVersion = 10.0.40219.1
Project("{FAE04EC0-301F-11D3-BF4B-00C04F79EFBC}") = "VK BOT INSPECTOR", "VK BOT INSPECTOR\VK BOT INSPECTOR.csproj", "{7543F83F-C671-46F7-B106-10C0E7FB8842}"
EndProject
Global
	GlobalSection(SolutionConfigurationPlatforms) = preSolution
		Debug|Any CPU = Debug|Any CPU
		Release|Any CPU = Release|Any CPU
	EndGlobalSection
	GlobalSection(ProjectConfigurationPlatforms) = postSolution
		{7543F83F-C671-46F7-B106-10C0E7FB8842}.Debug|Any CPU.ActiveCfg = Debug|Any CPU
		{7543F83F-C671-46F7-B106-10C0E7FB8842}.Debug|Any CPU.Build.0 = Debug|Any CPU
		{7543F83F-C671-46F7-B106-10C0E7FB8842}.Release|Any CPU.ActiveCfg = Release|Any CPU
		{7543F83F-C671-46F7-B106-10C0E7FB8842}.Release|Any CPU.Build.0 = Release|Any CPU
	EndGlobalSection
	GlobalSection(SolutionProperties) = preSolution
		HideSolutionNode = FALSE
	EndGlobalSection
	GlobalSection(ExtensibilityGlobals) = postSolution
		SolutionGuid = {648009AA-5BE9-48F6-A0F7-36C39B719A1E}
	EndGlobalSection
EndGlobal
